# Python 3.12 development dependencies; includes runtime dependencies.
alembic==1.19.2
annotated-doc==0.0.5
annotated-types==0.8.0
anyio==4.15.1
attrs==26.1.0
boolean.py==5.0
cachecontrol==0.14.4
certifi==2026.7.22
charset-normalizer==3.5.1
click==8.5.0
coverage==7.16.0
cyclonedx-python-lib==11.12.0
defusedxml==0.7.1
fastapi==0.141.1
filelock==3.32.5
h11==0.16.0
httpcore==1.0.9
httpx==0.28.1
idna==3.19
iniconfig==2.3.0
jsonschema-path==0.5.0
jsonschema-specifications==2025.9.1
jsonschema==4.26.0
lazy-object-proxy==1.12.0
librt==0.15.0
license-expression==30.4.4
mako==1.4.1
markdown-it-py==4.2.0
markupsafe==3.0.3
mdurl==0.1.2
msgpack==1.2.2
mypy-extensions==1.1.0
mypy==1.20.2
openapi-schema-validator==0.9.0
openapi-spec-validator==0.9.0
packageurl-python==0.17.6
packaging==26.3
pathable==0.6.0
pathspec==1.1.1
pip-api==0.0.34
pip-audit==2.10.1
pip-requirements-parser==32.0.1
platformdirs==4.11.7
pluggy==1.6.0
psycopg-binary==3.3.5
psycopg==3.3.5
pypdf==6.16.1
python-multipart==0.0.31
py-serializable==2.1.0
pydantic-core==2.46.5
pydantic-settings==2.15.0
pydantic==2.13.5
pygments==2.21.0
pyparsing==3.3.2
pytest-cov==7.1.0
pytest==9.1.1
python-dotenv==1.2.3
pyyaml==6.0.3
referencing==0.37.0
requests==2.34.2
rfc3339-validator==0.1.4
rich==15.0.0
rpds-py==2026.6.3
ruff==0.16.6
six==1.17.0
sortedcontainers==2.4.0
sqlalchemy==2.0.52
starlette==1.6.0
tomli-w==1.2.0
tomli==2.4.1
types-jsonschema==4.26.0.20260518
typing-extensions==4.16.0
typing-inspection==0.4.4
urllib3==2.7.0
uvicorn==0.52.4
